// !$*UTF8*$!
{
	archiveVersion = 1;
	classes = {
	};
	objectVersion = 46;
	objects = {

/* Begin PBXBuildFile section */
		50037D7C1CAA3EAE00D59405 /* AppDelegate.swift in Sources */ = {isa = PBXBuildFile; fileRef = 50037D7B1CAA3EAE00D59405 /* AppDelegate.swift */; };
		50037D7E1CAA3EAE00D59405 /* ViewController.swift in Sources */ = {isa = PBXBuildFile; fileRef = 50037D7D1CAA3EAE00D59405 /* ViewController.swift */; };
		50037D811CAA3EAE00D59405 /* Main.storyboard in Resources */ = {isa = PBXBuildFile; fileRef = 50037D7F1CAA3EAE00D59405 /* Main.storyboard */; };
		50037D841CAA3EAE00D59405 /* weatherTest.xcdatamodeld in Sources */ = {isa = PBXBuildFile; fileRef = 50037D821CAA3EAE00D59405 /* weatherTest.xcdatamodeld */; };
		50037D861CAA3EAE00D59405 /* Assets.xcassets in Resources */ = {isa = PBXBuildFile; fileRef = 50037D851CAA3EAE00D59405 /* Assets.xcassets */; };
		50037D891CAA3EAE00D59405 /* LaunchScreen.storyboard in Resources */ = {isa = PBXBuildFile; fileRef = 50037D871CAA3EAE00D59405 /* LaunchScreen.storyboard */; };
		50037D941CAA3EAF00D59405 /* weatherTestTests.swift in Sources */ = {isa = PBXBuildFile; fileRef = 50037D931CAA3EAF00D59405 /* weatherTestTests.swift */; };
		50037D9F1CAA3EAF00D59405 /* weatherTestUITests.swift in Sources */ = {isa = PBXBuildFile; fileRef = 50037D9E1CAA3EAF00D59405 /* weatherTestUITests.swift */; };
/* End PBXBuildFile section */

/* Begin PBXContainerItemProxy section */
		50037D901CAA3EAF00D59405 /* PBXContainerItemProxy */ = {
			isa = PBXContainerItemProxy;
			containerPortal = 50037D701CAA3EAE00D59405 /* Project object */;
			proxyType = 1;
			remoteGlobalIDString = 50037D771CAA3EAE00D59405;
			remoteInfo = weatherTest;
		};
		50037D9B1CAA3EAF00D59405 /* PBXContainerItemProxy */ = {
			isa = PBXContainerItemProxy;
			containerPortal = 50037D701CAA3EAE00D59405 /* Project object */;
			proxyType = 1;
			remoteGlobalIDString = 50037D771CAA3EAE00D59405;
			remoteInfo = weatherTest;
		};
/* End PBXContainerItemProxy section */

/* Begin PBXFileReference section */
		50037D781CAA3EAE00D59405 /* weatherTest.app */ = {isa = PBXFileReference; explicitFileType = wrapper.application; includeInIndex = 0; path = weatherTest.app; sourceTree = BUILT_PRODUCTS_DIR; };
		50037D7B1CAA3EAE00D59405 /* AppDelegate.swift */ = {isa = PBXFileReference; lastKnownFileType = sourcecode.swift; path = AppDelegate.swift; sourceTree = "<group>"; };
		50037D7D1CAA3EAE00D59405 /* ViewController.swift */ = {isa = PBXFileReference; lastKnownFileType = sourcecode.swift; path = ViewController.swift; sourceTree = "<group>"; };
		50037D801CAA3EAE00D59405 /* Base */ = {isa = PBXFileReference; lastKnownFileType = file.storyboard; name = Base; path = Base.lproj/Main.storyboard; sourceTree = "<group>"; };
		50037D831CAA3EAE00D59405 /* weatherTest.xcdatamodel */ = {isa = PBXFileReference; lastKnownFileType = wrapper.xcdatamodel; path = weatherTest.xcdatamodel; sourceTree = "<group>"; };
		50037D851CAA3EAE00D59405 /* Assets.xcassets */ = {isa = PBXFileReference; lastKnownFileType = folder.assetcatalog; path = Assets.xcassets; sourceTree = "<group>"; };
		50037D881CAA3EAE00D59405 /* Base */ = {isa = PBXFileReference; lastKnownFileType = file.storyboard; name = Base; path = Base.lproj/LaunchScreen.storyboard; sourceTree = "<group>"; };
		50037D8A1CAA3EAE00D59405 /* Info.plist */ = {isa = PBXFileReference; lastKnownFileType = text.plist.xml; path = Info.plist; sourceTree = "<group>"; };
		50037D8F1CAA3EAF00D59405 /* weatherTestTests.xctest */ = {isa = PBXFileReference; explicitFileType = wrapper.cfbundle; includeInIndex = 0; path = weatherTestTests.xctest; sourceTree = BUILT_PRODUCTS_DIR; };
		50037D931CAA3EAF00D59405 /* weatherTestTests.swift */ = {isa = PBXFileReference; lastKnownFileType = sourcecode.swift; path = weatherTestTests.swift; sourceTree = "<group>"; };
		50037D951CAA3EAF00D59405 /* Info.plist */ = {isa = PBXFileReference; lastKnownFileType = text.plist.xml; path = Info.plist; sourceTree = "<group>"; };
		50037D9A1CAA3EAF00D59405 /* weatherTestUITests.xctest */ = {isa = PBXFileReference; explicitFileType = wrapper.cfbundle; includeInIndex = 0; path = weatherTestUITests.xctest; sourceTree = BUILT_PRODUCTS_DIR; };
		50037D9E1CAA3EAF00D59405 /* weatherTestUITests.swift */ = {isa = PBXFileReference; lastKnownFileType = sourcecode.swift; path = weatherTestUITests.swift; sourceTree = "<group>"; };
		50037DA01CAA3EAF00D59405 /* Info.plist */ = {isa = PBXFileReference; lastKnownFileType = text.plist.xml; path = Info.plist; sourceTree = "<group>"; };
/* End PBXFileReference section */

/* Begin PBXFrameworksBuildPhase section */
		50037D751CAA3EAE00D59405 /* Frameworks */ = {
			isa = PBXFrameworksBuildPhase;
			buildActionMask = 2147483647;
			files = (
			);
			runOnlyForDeploymentPostprocessing = 0;
		};
		50037D8C1CAA3EAF00D59405 /* Frameworks */ = {
			isa = PBXFrameworksBuildPhase;
			buildActionMask = 2147483647;
			files = (
			);
			runOnlyForDeploymentPostprocessing = 0;
		};
		50037D971CAA3EAF00D59405 /* Frameworks */ = {
			isa = PBXFrameworksBuildPhase;
			buildActionMask = 2147483647;
			files = (
			);
			runOnlyForDeploymentPostprocessing = 0;
		};
/* End PBXFrameworksBuildPhase section */

/* Begin PBXGroup section */
		50037D6F1CAA3EAE00D59405 = {
			isa = PBXGroup;
			children = (
				50037D7A1CAA3EAE00D59405 /* weatherTest */,
				50037D921CAA3EAF00D59405 /* weatherTestTests */,
				50037D9D1CAA3EAF00D59405 /* weatherTestUITests */,
				50037D791CAA3EAE00D59405 /* Products */,
			);
			sourceTree = "<group>";
		};
		50037D791CAA3EAE00D59405 /* Products */ = {
			isa = PBXGroup;
			children = (
				50037D781CAA3EAE00D59405 /* weatherTest.app */,
				50037D8F1CAA3EAF00D59405 /* weatherTestTests.xctest */,
				50037D9A1CAA3EAF00D59405 /* weatherTestUITests.xctest */,
			);
			name = Products;
			sourceTree = "<group>";
		};
		50037D7A1CAA3EAE00D59405 /* weatherTest */ = {
			isa = PBXGroup;
			children = (
				50037D7B1CAA3EAE00D59405 /* AppDelegate.swift */,
				50037D7D1CAA3EAE00D59405 /* ViewController.swift */,
				50037D7F1CAA3EAE00D59405 /* Main.storyboard */,
				50037D851CAA3EAE00D59405 /* Assets.xcassets */,
				50037D871CAA3EAE00D59405 /* LaunchScreen.storyboard */,
				50037D8A1CAA3EAE00D59405 /* Info.plist */,
				50037D821CAA3EAE00D59405 /* weatherTest.xcdatamodeld */,
			);
			path = weatherTest;
			sourceTree = "<group>";
		};
		50037D921CAA3EAF00D59405 /* weatherTestTests */ = {
			isa = PBXGroup;
			children = (
				50037D931CAA3EAF00D59405 /* weatherTestTests.swift */,
				50037D951CAA3EAF00D59405 /* Info.plist */,
			);
			path = weatherTestTests;
			sourceTree = "<group>";
		};
		50037D9D1CAA3EAF00D59405 /* weatherTestUITests */ = {
			isa = PBXGroup;
			children = (
				50037D9E1CAA3EAF00D59405 /* weatherTestUITests.swift */,
				50037DA01CAA3EAF00D59405 /* Info.plist */,
			);
			path = weatherTestUITests;
			sourceTree = "<group>";
		};
/* End PBXGroup section */

/* Begin PBXNativeTarget section */
		50037D771CAA3EAE00D59405 /* weatherTest */ = {
			isa = PBXNativeTarget;
			buildConfigurationList = 50037DA31CAA3EAF00D59405 /* Build configuration list for PBXNativeTarget "weatherTest" */;
			buildPhases = (
				50037D741CAA3EAE00D59405 /* Sources */,
				50037D751CAA3EAE00D59405 /* Frameworks */,
				50037D761CAA3EAE00D59405 /* Resources */,
			);
			buildRules = (
			);
			dependencies = (
			);
			name = weatherTest;
			productName = weatherTest;
			productReference = 50037D781CAA3EAE00D59405 /* weatherTest.app */;
			productType = "com.apple.product-type.application";
		};
		50037D8E1CAA3EAF00D59405 /* weatherTestTests */ = {
			isa = PBXNativeTarget;
			buildConfigurationList = 50037DA61CAA3EAF00D59405 /* Build configuration list for PBXNativeTarget "weatherTestTests" */;
			buildPhases = (
				50037D8B1CAA3EAF00D59405 /* Sources */,
				50037D8C1CAA3EAF00D59405 /* Frameworks */,
				50037D8D1CAA3EAF00D59405 /* Resources */,
			);
			buildRules = (
			);
			dependencies = (
				50037D911CAA3EAF00D59405 /* PBXTargetDependency */,
			);
			name = weatherTestTests;
			productName = weatherTestTests;
			productReference = 50037D8F1CAA3EAF00D59405 /* weatherTestTests.xctest */;
			productType = "com.apple.product-type.bundle.unit-test";
		};
		50037D991CAA3EAF00D59405 /* weatherTestUITests */ = {
			isa = PBXNativeTarget;
			buildConfigurationList = 50037DA91CAA3EAF00D59405 /* Build configuration list for PBXNativeTarget "weatherTestUITests" */;
			buildPhases = (
				50037D961CAA3EAF00D59405 /* Sources */,
				50037D971CAA3EAF00D59405 /* Frameworks */,
				50037D981CAA3EAF00D59405 /* Resources */,
			);
			buildRules = (
			);
			dependencies = (
				50037D9C1CAA3EAF00D59405 /* PBXTargetDependency */,
			);
			name = weatherTestUITests;
			productName = weatherTestUITests;
			productReference = 50037D9A1CAA3EAF00D59405 /* weatherTestUITests.xctest */;
			productType = "com.apple.product-type.bundle.ui-testing";
		};
/* End PBXNativeTarget section */

/* Begin PBXProject section */
		50037D701CAA3EAE00D59405 /* Project object */ = {
			isa = PBXProject;
			attributes = {
				LastSwiftUpdateCheck = 0710;
				LastUpgradeCheck = 0710;
				ORGANIZATIONNAME = Max;
				TargetAttributes = {
					50037D771CAA3EAE00D59405 = {
						CreatedOnToolsVersion = 7.1;
						DevelopmentTeam = UTH5L4ZKSE;
					};
					50037D8E1CAA3EAF00D59405 = {
						CreatedOnToolsVersion = 7.1;
						DevelopmentTeam = UTH5L4ZKSE;
						TestTargetID = 50037D771CAA3EAE00D59405;
					};
					50037D991CAA3EAF00D59405 = {
						CreatedOnToolsVersion = 7.1;
						DevelopmentTeam = UTH5L4ZKSE;
						TestTargetID = 50037D771CAA3EAE00D59405;
					};
				};
			};
			buildConfigurationList = 50037D731CAA3EAE00D59405 /* Build configuration list for PBXProject "weatherTest" */;
			compatibilityVersion = "Xcode 3.2";
			developmentRegion = English;
			hasScannedForEncodings = 0;
			knownRegions = (
				en,
				Base,
			);
			mainGroup = 50037D6F1CAA3EAE00D59405;
			productRefGroup = 50037D791CAA3EAE00D59405 /* Products */;
			projectDirPath = "";
			projectRoot = "";
			targets = (
				50037D771CAA3EAE00D59405 /* weatherTest */,
				50037D8E1CAA3EAF00D59405 /* weatherTestTests */,
				50037D991CAA3EAF00D59405 /* weatherTestUITests */,
			);
		};
/* End PBXProject section */

/* Begin PBXResourcesBuildPhase section */
		50037D761CAA3EAE00D59405 /* Resources */ = {
			isa = PBXResourcesBuildPhase;
			buildActionMask = 2147483647;
			files = (
				50037D891CAA3EAE00D59405 /* LaunchScreen.storyboard in Resources */,
				50037D861CAA3EAE00D59405 /* Assets.xcassets in Resources */,
				50037D811CAA3EAE00D59405 /* Main.storyboard in Resources */,
			);
			runOnlyForDeploymentPostprocessing = 0;
		};
		50037D8D1CAA3EAF00D59405 /* Resources */ = {
			isa = PBXResourcesBuildPhase;
			buildActionMask = 2147483647;
			files = (
			);
			runOnlyForDeploymentPostprocessing = 0;
		};
		50037D981CAA3EAF00D59405 /* Resources */ = {
			isa = PBXResourcesBuildPhase;
			buildActionMask = 2147483647;
			files = (
			);
			runOnlyForDeploymentPostprocessing = 0;
		};
/* End PBXResourcesBuildPhase section */

/* Begin PBXSourcesBuildPhase section */
		50037D741CAA3EAE00D59405 /* Sources */ = {
			isa = PBXSourcesBuildPhase;
			buildActionMask = 2147483647;
			files = (
				50037D841CAA3EAE00D59405 /* weatherTest.xcdatamodeld in Sources */,
				50037D7E1CAA3EAE00D59405 /* ViewController.swift in Sources */,
				50037D7C1CAA3EAE00D59405 /* AppDelegate.swift in Sources */,
			);
			runOnlyForDeploymentPostprocessing = 0;
		};
		50037D8B1CAA3EAF00D59405 /* Sources */ = {
			isa = PBXSourcesBuildPhase;
			buildActionMask = 2147483647;
			files = (
				50037D941CAA3EAF00D59405 /* weatherTestTests.swift in Sources */,
			);
			runOnlyForDeploymentPostprocessing = 0;
		};
		50037D961CAA3EAF00D59405 /* Sources */ = {
			isa = PBXSourcesBuildPhase;
			buildActionMask = 2147483647;
			files = (
				50037D9F1CAA3EAF00D59405 /* weatherTestUITests.swift in Sources */,
			);
			runOnlyForDeploymentPostprocessing = 0;
		};
/* End PBXSourcesBuildPhase section */

/* Begin PBXTargetDependency section */
		50037D911CAA3EAF00D59405 /* PBXTargetDependency */ = {
			isa = PBXTargetDependency;
			target = 50037D771CAA3EAE00D59405 /* weatherTest */;
			targetProxy = 50037D901CAA3EAF00D59405 /* PBXContainerItemProxy */;
		};
		50037D9C1CAA3EAF00D59405 /* PBXTargetDependency */ = {
			isa = PBXTargetDependency;
			target = 50037D771CAA3EAE00D59405 /* weatherTest */;
			targetProxy = 50037D9B1CAA3EAF00D59405 /* PBXContainerItemProxy */;
		};
/* End PBXTargetDependency section */

/* Begin PBXVariantGroup section */
		50037D7F1CAA3EAE00D59405 /* Main.storyboard */ = {
			isa = PBXVariantGroup;
			children = (
				50037D801CAA3EAE00D59405 /* Base */,
			);
			name = Main.storyboard;
			sourceTree = "<group>";
		};
		50037D871CAA3EAE00D59405 /* LaunchScreen.storyboard */ = {
			isa = PBXVariantGroup;
			children = (
				50037D881CAA3EAE00D59405 /* Base */,
			);
			name = LaunchScreen.storyboard;
			sourceTree = "<group>";
		};
/* End PBXVariantGroup section */

/* Begin XCBuildConfiguration section */
		50037DA11CAA3EAF00D59405 /* Debug */ = {
			isa = XCBuildConfiguration;
			buildSettings = {
				ALWAYS_SEARCH_USER_PATHS = NO;
				CLANG_CXX_LANGUAGE_STANDARD = "gnu++0x";
				CLANG_CXX_LIBRARY = "libc++";
				CLANG_ENABLE_MODULES = YES;
				CLANG_ENABLE_OBJC_ARC = YES;
				CLANG_WARN_BOOL_CONVERSION = YES;
				CLANG_WARN_CONSTANT_CONVERSION = YES;
				CLANG_WARN_DIRECT_OBJC_ISA_USAGE = YES_ERROR;
				CLANG_WARN_EMPTY_BODY = YES;
				CLANG_WARN_ENUM_CONVERSION = YES;
				CLANG_WARN_INT_CONVERSION = YES;
				CLANG_WARN_OBJC_ROOT_CLASS = YES_ERROR;
				CLANG_WARN_UNREACHABLE_CODE = YES;
				CLANG_WARN__DUPLICATE_METHOD_MATCH = YES;
				"CODE_SIGN_IDENTITY[sdk=iphoneos*]" = "iPhone Developer";
				COPY_PHASE_STRIP = NO;
				DEBUG_INFORMATION_FORMAT = dwarf;
				ENABLE_STRICT_OBJC_MSGSEND = YES;
				ENABLE_TESTABILITY = YES;
				GCC_C_LANGUAGE_STANDARD = gnu99;
				GCC_DYNAMIC_NO_PIC = NO;
				GCC_NO_COMMON_BLOCKS = YES;
				GCC_OPTIMIZATION_LEVEL = 0;
				GCC_PREPROCESSOR_DEFINITIONS = (
					"DEBUG=1",
					"$(inherited)",
				);
				GCC_WARN_64_TO_32_BIT_CONVERSION = YES;
				GCC_WARN_ABOUT_RETURN_TYPE = YES_ERROR;
				GCC_WARN_UNDECLARED_SELECTOR = YES;
				GCC_WARN_UNINITIALIZED_AUTOS = YES_AGGRESSIVE;
				GCC_WARN_UNUSED_FUNCTION = YES;
				GCC_WARN_UNUSED_VARIABLE = YES;
				IPHONEOS_DEPLOYMENT_TARGET = 9.1;
				MTL_ENABLE_DEBUG_INFO = YES;
				ONLY_ACTIVE_ARCH = YES;
				SDKROOT = iphoneos;
				SWIFT_OPTIMIZATION_LEVEL = "-Onone";
			};
			name = Debug;
		};
		50037DA21CAA3EAF00D59405 /* Release */ = {
			isa = XCBuildConfiguration;
			buildSettings = {
				ALWAYS_SEARCH_USER_PATHS = NO;
				CLANG_CXX_LANGUAGE_STANDARD = "gnu++0x";
				CLANG_CXX_LIBRARY = "libc++";
				CLANG_ENABLE_MODULES = YES;
				CLANG_ENABLE_OBJC_ARC = YES;
				CLANG_WARN_BOOL_CONVERSION = YES;
				CLANG_WARN_CONSTANT_CONVERSION = YES;
				CLANG_WARN_DIRECT_OBJC_ISA_USAGE = YES_ERROR;
				CLANG_WARN_EMPTY_BODY = YES;
				CLANG_WARN_ENUM_CONVERSION = YES;
				CLANG_WARN_INT_CONVERSION = YES;
				CLANG_WARN_OBJC_ROOT_CLASS = YES_ERROR;
				CLANG_WARN_UNREACHABLE_CODE = YES;
				CLANG_WARN__DUPLICATE_METHOD_MATCH = YES;
				"CODE_SIGN_IDENTITY[sdk=iphoneos*]" = "iPhone Developer";
				COPY_PHASE_STRIP = NO;
				DEBUG_INFORMATION_FORMAT = "dwarf-with-dsym";
				ENABLE_NS_ASSERTIONS = NO;
				ENABLE_STRICT_OBJC_MSGSEND = YES;
				GCC_C_LANGUAGE_STANDARD = gnu99;
				GCC_NO_COMMON_BLOCKS = YES;
				GCC_WARN_64_TO_32_BIT_CONVERSION = YES;
				GCC_WARN_ABOUT_RETURN_TYPE = YES_ERROR;
				GCC_WARN_UNDECLARED_SELECTOR = YES;
				GCC_WARN_UNINITIALIZED_AUTOS = YES_AGGRESSIVE;
				GCC_WARN_UNUSED_FUNCTION = YES;
				GCC_WARN_UNUSED_VARIABLE = YES;
				IPHONEOS_DEPLOYMENT_TARGET = 9.1;
				MTL_ENABLE_DEBUG_INFO = NO;
				SDKROOT = iphoneos;
				VALIDATE_PRODUCT = YES;
			};
			name = Release;
		};
		50037DA41CAA3EAF00D59405 /* Debug */ = {
			isa = XCBuildConfiguration;
			buildSettings = {
				ASSETCATALOG_COMPILER_APPICON_NAME = AppIcon;
				INFOPLIST_FILE = weatherTest/Info.plist;
				LD_RUNPATH_SEARCH_PATHS = "$(inherited) @executable_path/Frameworks";
				PRODUCT_BUNDLE_IDENTIFIER = st.weatherTest;
				PRODUCT_NAME = "$(TARGET_NAME)";
			};
			name = Debug;
		};
		50037DA51CAA3EAF00D59405 /* Release */ = {
			isa = XCBuildConfiguration;
			buildSettings = {
				ASSETCATALOG_COMPILER_APPICON_NAME = AppIcon;
				INFOPLIST_FILE = weatherTest/Info.plist;
				LD_RUNPATH_SEARCH_PATHS = "$(inherited) @executable_path/Frameworks";
				PRODUCT_BUNDLE_IDENTIFIER = st.weatherTest;
				PRODUCT_NAME = "$(TARGET_NAME)";
			};
			name = Release;
		};
		50037DA71CAA3EAF00D59405 /* Debug */ = {
			isa = XCBuildConfiguration;
			buildSettings = {
				BUNDLE_LOADER = "$(TEST_HOST)";
				INFOPLIST_FILE = weatherTestTests/Info.plist;
				LD_RUNPATH_SEARCH_PATHS = "$(inherited) @executable_path/Frameworks @loader_path/Frameworks";
				PRODUCT_BUNDLE_IDENTIFIER = st.weatherTestTests;
				PRODUCT_NAME = "$(TARGET_NAME)";
				TEST_HOST = "$(BUILT_PRODUCTS_DIR)/weatherTest.app/weatherTest";
			};
			name = Debug;
		};
		50037DA81CAA3EAF00D59405 /* Release */ = {
			isa = XCBuildConfiguration;
			buildSettings = {
				BUNDLE_LOADER = "$(TEST_HOST)";
				INFOPLIST_FILE = weatherTestTests/Info.plist;
				LD_RUNPATH_SEARCH_PATHS = "$(inherited) @executable_path/Frameworks @loader_path/Frameworks";
				PRODUCT_BUNDLE_IDENTIFIER = st.weatherTestTests;
				PRODUCT_NAME = "$(TARGET_NAME)";
				TEST_HOST = "$(BUILT_PRODUCTS_DIR)/weatherTest.app/weatherTest";
			};
			name = Release;
		};
		50037DAA1CAA3EAF00D59405 /* Debug */ = {
			isa = XCBuildConfiguration;
			buildSettings = {
				INFOPLIST_FILE = weatherTestUITests/Info.plist;
				LD_RUNPATH_SEARCH_PATHS = "$(inherited) @executable_path/Frameworks @loader_path/Frameworks";
				PRODUCT_BUNDLE_IDENTIFIER = st.weatherTestUITests;
				PRODUCT_NAME = "$(TARGET_NAME)";
				TEST_TARGET_NAME = weatherTest;
				USES_XCTRUNNER = YES;
			};
			name = Debug;
		};
		50037DAB1CAA3EAF00D59405 /* Release */ = {
			isa = XCBuildConfiguration;
			buildSettings = {
				INFOPLIST_FILE = weatherTestUITests/Info.plist;
				LD_RUNPATH_SEARCH_PATHS = "$(inherited) @executable_path/Frameworks @loader_path/Frameworks";
				PRODUCT_BUNDLE_IDENTIFIER = st.weatherTestUITests;
				PRODUCT_NAME = "$(TARGET_NAME)";
				TEST_TARGET_NAME = weatherTest;
				USES_XCTRUNNER = YES;
			};
			name = Release;
		};
/* End XCBuildConfiguration section */

/* Begin XCConfigurationList section */
		50037D731CAA3EAE00D59405 /* Build configuration list for PBXProject "weatherTest" */ = {
			isa = XCConfigurationList;
			buildConfigurations = (
				50037DA11CAA3EAF00D59405 /* Debug */,
				50037DA21CAA3EAF00D59405 /* Release */,
			);
			defaultConfigurationIsVisible = 0;
			defaultConfigurationName = Release;
		};
		50037DA31CAA3EAF00D59405 /* Build configuration list for PBXNativeTarget "weatherTest" */ = {
			isa = XCConfigurationList;
			buildConfigurations = (
				50037DA41CAA3EAF00D59405 /* Debug */,
				50037DA51CAA3EAF00D59405 /* Release */,
			);
			defaultConfigurationIsVisible = 0;
		};
		50037DA61CAA3EAF00D59405 /* Build configuration list for PBXNativeTarget "weatherTestTests" */ = {
			isa = XCConfigurationList;
			buildConfigurations = (
				50037DA71CAA3EAF00D59405 /* Debug */,
				50037DA81CAA3EAF00D59405 /* Release */,
			);
			defaultConfigurationIsVisible = 0;
		};
		50037DA91CAA3EAF00D59405 /* Build configuration list for PBXNativeTarget "weatherTestUITests" */ = {
			isa = XCConfigurationList;
			buildConfigurations = (
				50037DAA1CAA3EAF00D59405 /* Debug */,
				50037DAB1CAA3EAF00D59405 /* Release */,
			);
			defaultConfigurationIsVisible = 0;
		};
/* End XCConfigurationList section */

/* Begin XCVersionGroup section */
		50037D821CAA3EAE00D59405 /* weatherTest.xcdatamodeld */ = {
			isa = XCVersionGroup;
			children = (
				50037D831CAA3EAE00D59405 /* weatherTest.xcdatamodel */,
			);
			currentVersion = 50037D831CAA3EAE00D59405 /* weatherTest.xcdatamodel */;
			path = weatherTest.xcdatamodeld;
			sourceTree = "<group>";
			versionGroupType = wrapper.xcdatamodel;
		};
/* End XCVersionGroup section */
	};
	rootObject = 50037D701CAA3EAE00D59405 /* Project object */;
}
